# This file is automatically @generated by Cargo.
# It is not intended for manual editing.
version = 4

[[package]]
name = "skeleton-server"
version = "0.0.0"
dependencies = [
 "ziee-core",
 "ziee-framework",
]

[[package]]
name = "ziee-auth"
version = "0.0.0"
dependencies = [
 "ziee-framework",
 "ziee-identity",
]

[[package]]
name = "ziee-control-mcp"
version = "0.0.0"
dependencies = [
 "ziee-framework",
 "ziee-identity",
]

[[package]]
name = "ziee-core"
version = "0.0.0"

[[package]]
name = "ziee-desktop-harness"
version = "0.0.0"

[[package]]
name = "ziee-framework"
version = "0.0.0"
dependencies = [
 "ziee-core",
 "ziee-identity",
]

[[package]]
name = "ziee-identity"
version = "0.0.0"
dependencies = [
 "ziee-core",
]
